
Microsoft Visual Studio Solution File, Format Version 12.00
# Visual Studio Version 17
VisualStudioVersion = 17.14.36203.30
MinimumVisualStudioVersion = 10.0.40219.1
Project("{FAE04EC0-301F-11D3-BF4B-00C04F79EFBC}") = "ProductMAUI", "ProductMAUI\ProductMAUI.csproj", "{793CEA26-973B-45F8-A9D6-D7EA5F709874}"
EndProject
Global
	GlobalSection(SolutionConfigurationPlatforms) = preSolution
		Debug|Any CPU = Debug|Any CPU
		Release|Any CPU = Release|Any CPU
	EndGlobalSection
	GlobalSection(ProjectConfigurationPlatforms) = postSolution
		{793CEA26-973B-45F8-A9D6-D7EA5F709874}.Debug|Any CPU.ActiveCfg = Debug|Any CPU
		{793CEA26-973B-45F8-A9D6-D7EA5F709874}.Debug|Any CPU.Build.0 = Debug|Any CPU
		{793CEA26-973B-45F8-A9D6-D7EA5F709874}.Debug|Any CPU.Deploy.0 = Debug|Any CPU
		{793CEA26-973B-45F8-A9D6-D7EA5F709874}.Release|Any CPU.ActiveCfg = Release|Any CPU
		{793CEA26-973B-45F8-A9D6-D7EA5F709874}.Release|Any CPU.Build.0 = Release|Any CPU
		{793CEA26-973B-45F8-A9D6-D7EA5F709874}.Release|Any CPU.Deploy.0 = Release|Any CPU
	EndGlobalSection
	GlobalSection(SolutionProperties) = preSolution
		HideSolutionNode = FALSE
	EndGlobalSection
	GlobalSection(ExtensibilityGlobals) = postSolution
		SolutionGuid = {A686D761-8873-4186-B219-CC9A0B2E0766}
	EndGlobalSection
EndGlobal
